
Microsoft Visual Studio Solution File, Format Version 12.00
# Visual Studio Version 16
VisualStudioVersion = 16.0.29424.173
MinimumVisualStudioVersion = 10.0.40219.1
Project("{888888A0-9F3D-457C-B088-3A5042F75D52}") = "Numeric_operations", "Numeric_operations.pyproj", "{F09B981C-E0A8-47A7-B5FD-CDB1BFFF43C5}"
EndProject
Global
	GlobalSection(SolutionConfigurationPlatforms) = preSolution
		Debug|Any CPU = Debug|Any CPU
		Release|Any CPU = Release|Any CPU
	EndGlobalSection
	GlobalSection(ProjectConfigurationPlatforms) = postSolution
		{F09B981C-E0A8-47A7-B5FD-CDB1BFFF43C5}.Debug|Any CPU.ActiveCfg = Debug|Any CPU
		{F09B981C-E0A8-47A7-B5FD-CDB1BFFF43C5}.Release|Any CPU.ActiveCfg = Release|Any CPU
	EndGlobalSection
	GlobalSection(SolutionProperties) = preSolution
		HideSolutionNode = FALSE
	EndGlobalSection
	GlobalSection(ExtensibilityGlobals) = postSolution
		SolutionGuid = {F8A56FD6-C332-4F12-93F9-E2A98DFE2EA7}
	EndGlobalSection
EndGlobal
